
Microsoft Visual Studio Solution File, Format Version 12.00
# Visual Studio Version 17
VisualStudioVersion = 17.12.35514.174
MinimumVisualStudioVersion = 10.0.40219.1
Project("{8BC9CEB8-8B4A-11D0-8D11-00A0C91BC942}") = "SuperTurkeysRestoration", "SuperTurkeysRestoration\SuperTurkeysRestoration.vcxproj", "{06CFF7ED-8C4A-4753-B015-A5009B14A5A9}"
EndProject
Global
	GlobalSection(SolutionConfigurationPlatforms) = preSolution
		Release|x64 = Release|x64
	EndGlobalSection
	GlobalSection(ProjectConfigurationPlatforms) = postSolution
		{06CFF7ED-8C4A-4753-B015-A5009B14A5A9}.Release|x64.ActiveCfg = Release|x64
		{06CFF7ED-8C4A-4753-B015-A5009B14A5A9}.Release|x64.Build.0 = Release|x64
	EndGlobalSection
	GlobalSection(SolutionProperties) = preSolution
		HideSolutionNode = FALSE
	EndGlobalSection
EndGlobal
